<Solution>
  <Folder Name="/src/">
    <Project Path="src/UEBulkExport.Core/UEBulkExport.Core.csproj" />
    <Project Path="src/UEBulkExport.Cli/UEBulkExport.Cli.csproj" />
    <Project Path="src/UEBulkExport/UEBulkExport.csproj" />
  </Folder>
  <Folder Name="/tests/">
    <Project Path="tests/UEBulkExport.Tests/UEBulkExport.Tests.csproj" />
  </Folder>
</Solution>
